
Microsoft Visual Studio Solution File, Format Version 12.00
# Visual Studio Version 17
VisualStudioVersion = 17.0.32228.444
MinimumVisualStudioVersion = 10.0.40219.1
Project("{2150E333-8FDC-42A3-9474-1A3956D46DE8}") = "Infrastructure", "Infrastructure", "{443FB957-0EF0-48FD-A8DB-A8210E6F720B}"
EndProject
Project("{9A19103F-16F7-4668-BE54-9A1E7A4F7556}") = "Trackem.ERT.Infra.Repositories", "Infrastructure\Trackem.ERT.Infra.Repositories\Trackem.ERT.Infra.Repositories.csproj", "{581B045A-2DFE-4DE1-A44E-670D1A8AA7F5}"
EndProject
Project("{9A19103F-16F7-4668-BE54-9A1E7A4F7556}") = "Trackem.ERT.Infra.Contracts", "Infrastructure\Trackem.ERT.Infra.Contracts\Trackem.ERT.Infra.Contracts.csproj", "{3438C310-4245-4612-B7BA-0283DAF2C167}"
EndProject
Project("{9A19103F-16F7-4668-BE54-9A1E7A4F7556}") = "Trackem.ERT.Infra.Common.Entities", "Infrastructure\Trackem.ERT.Infra.Common.Entities\Trackem.ERT.Infra.Common.Entities.csproj", "{90ACFA70-8DAC-4059-9442-E88CE7C309A1}"
EndProject
Project("{2150E333-8FDC-42A3-9474-1A3956D46DE8}") = "API", "API", "{3AC3F23E-FF3B-489B-BEDA-213629913D5E}"
EndProject
Project("{2150E333-8FDC-42A3-9474-1A3956D46DE8}") = "Core", "Core", "{02F9898A-C496-4793-8017-2F127D97A430}"
EndProject
Project("{9A19103F-16F7-4668-BE54-9A1E7A4F7556}") = "Trackem.ERT.Infra.AzureStorage", "Infrastructure\Trackem.ERT.Infra.AzureStorage\Trackem.ERT.Infra.AzureStorage.csproj", "{37A728D0-6443-45EC-8572-B3232B054DBA}"
EndProject
Project("{9A19103F-16F7-4668-BE54-9A1E7A4F7556}") = "Trackem.ERT.Core.Services", "Core\Trackem.ERT.Core.Services\Trackem.ERT.Core.Services.csproj", "{E3BDD1CE-F69A-48A7-90A3-10757740958F}"
EndProject
Project("{9A19103F-16F7-4668-BE54-9A1E7A4F7556}") = "Trackem.ERT.Core.ServiceContracts", "Core\Trackem.ERT.Core.ServiceContracts\Trackem.ERT.Core.ServiceContracts.csproj", "{F29B9750-E9B7-4304-A9C3-145216F41A2F}"
EndProject
Project("{9A19103F-16F7-4668-BE54-9A1E7A4F7556}") = "Trackem.ERT.Core.DataModels", "Core\Trackem.ERT.Core.DataModels\Trackem.ERT.Core.DataModels.csproj", "{F6129AD8-D513-4F1C-AF5F-7B958ABE551D}"
EndProject
Project("{2150E333-8FDC-42A3-9474-1A3956D46DE8}") = "Solution Items", "Solution Items", "{AF7BF349-89F3-4A7D-AC87-3ACD5725BD65}"
	ProjectSection(SolutionItems) = preProject
		.editorconfig = .editorconfig
	EndProjectSection
EndProject
Project("{9A19103F-16F7-4668-BE54-9A1E7A4F7556}") = "Trackem.ERT.Core.Entities", "Core\Trackem.ERT.Core.Entities\Trackem.ERT.Core.Entities.csproj", "{5FF70E74-04B4-4CF7-854A-79A6EAD77355}"
EndProject
Project("{2150E333-8FDC-42A3-9474-1A3956D46DE8}") = "Shared", "Shared", "{FBEB1557-6CA0-488E-9F59-65EBAAE2C8FD}"
EndProject
Project("{9A19103F-16F7-4668-BE54-9A1E7A4F7556}") = "Trackem.ERT.Shared.Contracts", "Shared\Trackem.ERT.Shared.Contracts\Trackem.ERT.Shared.Contracts.csproj", "{92AA9D9E-AD81-4458-8A7C-E58F6B9716C8}"
EndProject
Project("{9A19103F-16F7-4668-BE54-9A1E7A4F7556}") = "Trackem.ERT.Common", "Shared\Trackem.ERT.Common\Trackem.ERT.Common.csproj", "{F8F230E0-083A-48D1-8313-845358E73A25}"
EndProject
Project("{9A19103F-16F7-4668-BE54-9A1E7A4F7556}") = "Trackem.ERT.LoggerService", "Shared\Trackem.ERT.LoggerService\Trackem.ERT.LoggerService.csproj", "{5BA2A21B-8253-469F-B15D-8EE6001B6FEE}"
EndProject
Project("{9A19103F-16F7-4668-BE54-9A1E7A4F7556}") = "Trackem.ERT.Web.Apis", "Api\Trackem.ERT.Web.Apis\Trackem.ERT.Web.Apis.csproj", "{0C7F0B16-D9D8-4245-AFC4-708A770D5397}"
EndProject
Project("{2150E333-8FDC-42A3-9474-1A3956D46DE8}") = "Test", "Test", "{A6D341F4-7F0B-46BB-988B-FFAAA1A4F1D6}"
EndProject
Project("{9A19103F-16F7-4668-BE54-9A1E7A4F7556}") = "Trackem.ERT.Test.Service", "Test\Trackem.ERT.Test.Service\Trackem.ERT.Test.Service.csproj", "{1CEDE7DE-E02A-4FDC-A1E6-44A6D2AA292F}"
EndProject
Project("{FAE04EC0-301F-11D3-BF4B-00C04F79EFBC}") = "Trackem.ERT.Api.Filters", "Api\Trackem.ERT.Api.Filters\Trackem.ERT.Api.Filters.csproj", "{0A6D5AE4-5497-454B-92E0-33254674A59E}"
EndProject
Project("{FAE04EC0-301F-11D3-BF4B-00C04F79EFBC}") = "Trackem.ERT.Serverless", "Api\Trackem.ERT.Serverless\Trackem.ERT.Serverless.csproj", "{D040F76B-5B82-46A5-8AED-67BA3880100E}"
EndProject
Project("{FAE04EC0-301F-11D3-BF4B-00C04F79EFBC}") = "Trackem.ERT.Infra.EFCore", "Infrastructure\Trackem.ERT.Infra.EFCore\Trackem.ERT.Infra.EFCore.csproj", "{B2B97A11-53D6-4C32-B664-44C76373D695}"
EndProject
Global
	GlobalSection(SolutionConfigurationPlatforms) = preSolution
		Debug|Any CPU = Debug|Any CPU
		Release|Any CPU = Release|Any CPU
	EndGlobalSection
	GlobalSection(ProjectConfigurationPlatforms) = postSolution
		{581B045A-2DFE-4DE1-A44E-670D1A8AA7F5}.Debug|Any CPU.ActiveCfg = Debug|Any CPU
		{581B045A-2DFE-4DE1-A44E-670D1A8AA7F5}.Debug|Any CPU.Build.0 = Debug|Any CPU
		{581B045A-2DFE-4DE1-A44E-670D1A8AA7F5}.Release|Any CPU.ActiveCfg = Release|Any CPU
		{581B045A-2DFE-4DE1-A44E-670D1A8AA7F5}.Release|Any CPU.Build.0 = Release|Any CPU
		{3438C310-4245-4612-B7BA-0283DAF2C167}.Debug|Any CPU.ActiveCfg = Debug|Any CPU
		{3438C310-4245-4612-B7BA-0283DAF2C167}.Debug|Any CPU.Build.0 = Debug|Any CPU
		{3438C310-4245-4612-B7BA-0283DAF2C167}.Release|Any CPU.ActiveCfg = Release|Any CPU
		{3438C310-4245-4612-B7BA-0283DAF2C167}.Release|Any CPU.Build.0 = Release|Any CPU
		{90ACFA70-8DAC-4059-9442-E88CE7C309A1}.Debug|Any CPU.ActiveCfg = Debug|Any CPU
		{90ACFA70-8DAC-4059-9442-E88CE7C309A1}.Debug|Any CPU.Build.0 = Debug|Any CPU
		{90ACFA70-8DAC-4059-9442-E88CE7C309A1}.Release|Any CPU.ActiveCfg = Release|Any CPU
		{90ACFA70-8DAC-4059-9442-E88CE7C309A1}.Release|Any CPU.Build.0 = Release|Any CPU
		{37A728D0-6443-45EC-8572-B3232B054DBA}.Debug|Any CPU.ActiveCfg = Debug|Any CPU
		{37A728D0-6443-45EC-8572-B3232B054DBA}.Debug|Any CPU.Build.0 = Debug|Any CPU
		{37A728D0-6443-45EC-8572-B3232B054DBA}.Release|Any CPU.ActiveCfg = Release|Any CPU
		{37A728D0-6443-45EC-8572-B3232B054DBA}.Release|Any CPU.Build.0 = Release|Any CPU
		{E3BDD1CE-F69A-48A7-90A3-10757740958F}.Debug|Any CPU.ActiveCfg = Debug|Any CPU
		{E3BDD1CE-F69A-48A7-90A3-10757740958F}.Debug|Any CPU.Build.0 = Debug|Any CPU
		{E3BDD1CE-F69A-48A7-90A3-10757740958F}.Release|Any CPU.ActiveCfg = Release|Any CPU
		{E3BDD1CE-F69A-48A7-90A3-10757740958F}.Release|Any CPU.Build.0 = Release|Any CPU
		{F29B9750-E9B7-4304-A9C3-145216F41A2F}.Debug|Any CPU.ActiveCfg = Debug|Any CPU
		{F29B9750-E9B7-4304-A9C3-145216F41A2F}.Debug|Any CPU.Build.0 = Debug|Any CPU
		{F29B9750-E9B7-4304-A9C3-145216F41A2F}.Release|Any CPU.ActiveCfg = Release|Any CPU
		{F29B9750-E9B7-4304-A9C3-145216F41A2F}.Release|Any CPU.Build.0 = Release|Any CPU
		{F6129AD8-D513-4F1C-AF5F-7B958ABE551D}.Debug|Any CPU.ActiveCfg = Debug|Any CPU
		{F6129AD8-D513-4F1C-AF5F-7B958ABE551D}.Debug|Any CPU.Build.0 = Debug|Any CPU
		{F6129AD8-D513-4F1C-AF5F-7B958ABE551D}.Release|Any CPU.ActiveCfg = Release|Any CPU
		{F6129AD8-D513-4F1C-AF5F-7B958ABE551D}.Release|Any CPU.Build.0 = Release|Any CPU
		{5FF70E74-04B4-4CF7-854A-79A6EAD77355}.Debug|Any CPU.ActiveCfg = Debug|Any CPU
		{5FF70E74-04B4-4CF7-854A-79A6EAD77355}.Debug|Any CPU.Build.0 = Debug|Any CPU
		{5FF70E74-04B4-4CF7-854A-79A6EAD77355}.Release|Any CPU.ActiveCfg = Release|Any CPU
		{5FF70E74-04B4-4CF7-854A-79A6EAD77355}.Release|Any CPU.Build.0 = Release|Any CPU
		{92AA9D9E-AD81-4458-8A7C-E58F6B9716C8}.Debug|Any CPU.ActiveCfg = Debug|Any CPU
		{92AA9D9E-AD81-4458-8A7C-E58F6B9716C8}.Debug|Any CPU.Build.0 = Debug|Any CPU
		{92AA9D9E-AD81-4458-8A7C-E58F6B9716C8}.Release|Any CPU.ActiveCfg = Release|Any CPU
		{92AA9D9E-AD81-4458-8A7C-E58F6B9716C8}.Release|Any CPU.Build.0 = Release|Any CPU
		{F8F230E0-083A-48D1-8313-845358E73A25}.Debug|Any CPU.ActiveCfg = Debug|Any CPU
		{F8F230E0-083A-48D1-8313-845358E73A25}.Debug|Any CPU.Build.0 = Debug|Any CPU
		{F8F230E0-083A-48D1-8313-845358E73A25}.Release|Any CPU.ActiveCfg = Release|Any CPU
		{F8F230E0-083A-48D1-8313-845358E73A25}.Release|Any CPU.Build.0 = Release|Any CPU
		{5BA2A21B-8253-469F-B15D-8EE6001B6FEE}.Debug|Any CPU.ActiveCfg = Debug|Any CPU
		{5BA2A21B-8253-469F-B15D-8EE6001B6FEE}.Debug|Any CPU.Build.0 = Debug|Any CPU
		{5BA2A21B-8253-469F-B15D-8EE6001B6FEE}.Release|Any CPU.ActiveCfg = Release|Any CPU
		{5BA2A21B-8253-469F-B15D-8EE6001B6FEE}.Release|Any CPU.Build.0 = Release|Any CPU
		{0C7F0B16-D9D8-4245-AFC4-708A770D5397}.Debug|Any CPU.ActiveCfg = Debug|Any CPU
		{0C7F0B16-D9D8-4245-AFC4-708A770D5397}.Debug|Any CPU.Build.0 = Debug|Any CPU
		{0C7F0B16-D9D8-4245-AFC4-708A770D5397}.Release|Any CPU.ActiveCfg = Release|Any CPU
		{0C7F0B16-D9D8-4245-AFC4-708A770D5397}.Release|Any CPU.Build.0 = Release|Any CPU
		{1CEDE7DE-E02A-4FDC-A1E6-44A6D2AA292F}.Debug|Any CPU.ActiveCfg = Debug|Any CPU
		{1CEDE7DE-E02A-4FDC-A1E6-44A6D2AA292F}.Debug|Any CPU.Build.0 = Debug|Any CPU
		{1CEDE7DE-E02A-4FDC-A1E6-44A6D2AA292F}.Release|Any CPU.ActiveCfg = Release|Any CPU
		{1CEDE7DE-E02A-4FDC-A1E6-44A6D2AA292F}.Release|Any CPU.Build.0 = Release|Any CPU
		{0A6D5AE4-5497-454B-92E0-33254674A59E}.Debug|Any CPU.ActiveCfg = Debug|Any CPU
		{0A6D5AE4-5497-454B-92E0-33254674A59E}.Debug|Any CPU.Build.0 = Debug|Any CPU
		{0A6D5AE4-5497-454B-92E0-33254674A59E}.Release|Any CPU.ActiveCfg = Release|Any CPU
		{0A6D5AE4-5497-454B-92E0-33254674A59E}.Release|Any CPU.Build.0 = Release|Any CPU
		{D040F76B-5B82-46A5-8AED-67BA3880100E}.Debug|Any CPU.ActiveCfg = Debug|Any CPU
		{D040F76B-5B82-46A5-8AED-67BA3880100E}.Debug|Any CPU.Build.0 = Debug|Any CPU
		{D040F76B-5B82-46A5-8AED-67BA3880100E}.Release|Any CPU.ActiveCfg = Release|Any CPU
		{D040F76B-5B82-46A5-8AED-67BA3880100E}.Release|Any CPU.Build.0 = Release|Any CPU
		{B2B97A11-53D6-4C32-B664-44C76373D695}.Debug|Any CPU.ActiveCfg = Debug|Any CPU
		{B2B97A11-53D6-4C32-B664-44C76373D695}.Debug|Any CPU.Build.0 = Debug|Any CPU
		{B2B97A11-53D6-4C32-B664-44C76373D695}.Release|Any CPU.ActiveCfg = Release|Any CPU
		{B2B97A11-53D6-4C32-B664-44C76373D695}.Release|Any CPU.Build.0 = Release|Any CPU
	EndGlobalSection
	GlobalSection(SolutionProperties) = preSolution
		HideSolutionNode = FALSE
	EndGlobalSection
	GlobalSection(NestedProjects) = preSolution
		{581B045A-2DFE-4DE1-A44E-670D1A8AA7F5} = {443FB957-0EF0-48FD-A8DB-A8210E6F720B}
		{3438C310-4245-4612-B7BA-0283DAF2C167} = {443FB957-0EF0-48FD-A8DB-A8210E6F720B}
		{90ACFA70-8DAC-4059-9442-E88CE7C309A1} = {443FB957-0EF0-48FD-A8DB-A8210E6F720B}
		{37A728D0-6443-45EC-8572-B3232B054DBA} = {443FB957-0EF0-48FD-A8DB-A8210E6F720B}
		{E3BDD1CE-F69A-48A7-90A3-10757740958F} = {02F9898A-C496-4793-8017-2F127D97A430}
		{F29B9750-E9B7-4304-A9C3-145216F41A2F} = {02F9898A-C496-4793-8017-2F127D97A430}
		{F6129AD8-D513-4F1C-AF5F-7B958ABE551D} = {02F9898A-C496-4793-8017-2F127D97A430}
		{5FF70E74-04B4-4CF7-854A-79A6EAD77355} = {02F9898A-C496-4793-8017-2F127D97A430}
		{92AA9D9E-AD81-4458-8A7C-E58F6B9716C8} = {FBEB1557-6CA0-488E-9F59-65EBAAE2C8FD}
		{F8F230E0-083A-48D1-8313-845358E73A25} = {FBEB1557-6CA0-488E-9F59-65EBAAE2C8FD}
		{5BA2A21B-8253-469F-B15D-8EE6001B6FEE} = {FBEB1557-6CA0-488E-9F59-65EBAAE2C8FD}
		{0C7F0B16-D9D8-4245-AFC4-708A770D5397} = {3AC3F23E-FF3B-489B-BEDA-213629913D5E}
		{1CEDE7DE-E02A-4FDC-A1E6-44A6D2AA292F} = {A6D341F4-7F0B-46BB-988B-FFAAA1A4F1D6}
		{0A6D5AE4-5497-454B-92E0-33254674A59E} = {3AC3F23E-FF3B-489B-BEDA-213629913D5E}
		{D040F76B-5B82-46A5-8AED-67BA3880100E} = {3AC3F23E-FF3B-489B-BEDA-213629913D5E}
		{B2B97A11-53D6-4C32-B664-44C76373D695} = {443FB957-0EF0-48FD-A8DB-A8210E6F720B}
	EndGlobalSection
	GlobalSection(ExtensibilityGlobals) = postSolution
		SolutionGuid = {7FFF379E-059D-420F-8ACC-D5E0027357F6}
	EndGlobalSection
EndGlobal
